
Microsoft Visual Studio Solution File, Format Version 12.00
# Visual Studio 14
VisualStudioVersion = 14.0.25420.1
MinimumVisualStudioVersion = 10.0.40219.1
Project("{2150E333-8FDC-42A3-9474-1A3956D46DE8}") = "Patterns", "Patterns", "{65626022-2489-486B-8B0D-71016BE6709F}"
EndProject
Project("{2150E333-8FDC-42A3-9474-1A3956D46DE8}") = "Solution Items", "Solution Items", "{7030287C-8BA4-44D9-85E2-33FF9A31217B}"
	ProjectSection(SolutionItems) = preProject
		..\.gitignore = ..\.gitignore
		..\README.md = ..\README.md
	EndProjectSection
EndProject
Project("{FAE04EC0-301F-11D3-BF4B-00C04F79EFBC}") = "Singleton", "Patterns\Singleton\Singleton.csproj", "{8FE88877-5B12-4701-8AD9-CBD5C92C6B41}"
EndProject
Project("{2150E333-8FDC-42A3-9474-1A3956D46DE8}") = "Practices", "Practices", "{3B909BDC-68FE-445B-B6EF-4EFF3C3F293B}"
EndProject
Project("{FAE04EC0-301F-11D3-BF4B-00C04F79EFBC}") = "Factory", "Patterns\Factory\Factory.csproj", "{3FCE6594-55DC-46E7-87AC-24FA575A6742}"
EndProject
Project("{FAE04EC0-301F-11D3-BF4B-00C04F79EFBC}") = "Builder", "Patterns\Builder\Builder.csproj", "{CF33C927-5B4D-47FD-977A-A5083D3F3BB6}"
EndProject
Project("{FAE04EC0-301F-11D3-BF4B-00C04F79EFBC}") = "Strategy", "Patterns\Strategy\Strategy.csproj", "{60805543-43C5-4F14-96A3-7C183A799976}"
EndProject
Project("{FAE04EC0-301F-11D3-BF4B-00C04F79EFBC}") = "Observer", "Patterns\Observer\Observer.csproj", "{DAE05F8E-CCA9-48B2-A96C-6D86AE554D67}"
EndProject
Project("{FAE04EC0-301F-11D3-BF4B-00C04F79EFBC}") = "Decorator", "Patterns\Decorator\Decorator.csproj", "{6541E898-49EB-44EA-A989-0762582EB8FF}"
EndProject
Project("{2150E333-8FDC-42A3-9474-1A3956D46DE8}") = "Principles", "Principles", "{52F9BC86-58D4-4C1E-B3F1-CC218BC233A4}"
EndProject
Global
	GlobalSection(SolutionConfigurationPlatforms) = preSolution
		Debug|Any CPU = Debug|Any CPU
		Release|Any CPU = Release|Any CPU
	EndGlobalSection
	GlobalSection(ProjectConfigurationPlatforms) = postSolution
		{8FE88877-5B12-4701-8AD9-CBD5C92C6B41}.Debug|Any CPU.ActiveCfg = Debug|Any CPU
		{8FE88877-5B12-4701-8AD9-CBD5C92C6B41}.Debug|Any CPU.Build.0 = Debug|Any CPU
		{8FE88877-5B12-4701-8AD9-CBD5C92C6B41}.Release|Any CPU.ActiveCfg = Release|Any CPU
		{8FE88877-5B12-4701-8AD9-CBD5C92C6B41}.Release|Any CPU.Build.0 = Release|Any CPU
		{3FCE6594-55DC-46E7-87AC-24FA575A6742}.Debug|Any CPU.ActiveCfg = Debug|Any CPU
		{3FCE6594-55DC-46E7-87AC-24FA575A6742}.Debug|Any CPU.Build.0 = Debug|Any CPU
		{3FCE6594-55DC-46E7-87AC-24FA575A6742}.Release|Any CPU.ActiveCfg = Release|Any CPU
		{3FCE6594-55DC-46E7-87AC-24FA575A6742}.Release|Any CPU.Build.0 = Release|Any CPU
		{CF33C927-5B4D-47FD-977A-A5083D3F3BB6}.Debug|Any CPU.ActiveCfg = Debug|Any CPU
		{CF33C927-5B4D-47FD-977A-A5083D3F3BB6}.Debug|Any CPU.Build.0 = Debug|Any CPU
		{CF33C927-5B4D-47FD-977A-A5083D3F3BB6}.Release|Any CPU.ActiveCfg = Release|Any CPU
		{CF33C927-5B4D-47FD-977A-A5083D3F3BB6}.Release|Any CPU.Build.0 = Release|Any CPU
		{60805543-43C5-4F14-96A3-7C183A799976}.Debug|Any CPU.ActiveCfg = Debug|Any CPU
		{60805543-43C5-4F14-96A3-7C183A799976}.Debug|Any CPU.Build.0 = Debug|Any CPU
		{60805543-43C5-4F14-96A3-7C183A799976}.Release|Any CPU.ActiveCfg = Release|Any CPU
		{60805543-43C5-4F14-96A3-7C183A799976}.Release|Any CPU.Build.0 = Release|Any CPU
		{DAE05F8E-CCA9-48B2-A96C-6D86AE554D67}.Debug|Any CPU.ActiveCfg = Debug|Any CPU
		{DAE05F8E-CCA9-48B2-A96C-6D86AE554D67}.Debug|Any CPU.Build.0 = Debug|Any CPU
		{DAE05F8E-CCA9-48B2-A96C-6D86AE554D67}.Release|Any CPU.ActiveCfg = Release|Any CPU
		{DAE05F8E-CCA9-48B2-A96C-6D86AE554D67}.Release|Any CPU.Build.0 = Release|Any CPU
		{6541E898-49EB-44EA-A989-0762582EB8FF}.Debug|Any CPU.ActiveCfg = Debug|Any CPU
		{6541E898-49EB-44EA-A989-0762582EB8FF}.Debug|Any CPU.Build.0 = Debug|Any CPU
		{6541E898-49EB-44EA-A989-0762582EB8FF}.Release|Any CPU.ActiveCfg = Release|Any CPU
		{6541E898-49EB-44EA-A989-0762582EB8FF}.Release|Any CPU.Build.0 = Release|Any CPU
	EndGlobalSection
	GlobalSection(SolutionProperties) = preSolution
		HideSolutionNode = FALSE
	EndGlobalSection
	GlobalSection(NestedProjects) = preSolution
		{8FE88877-5B12-4701-8AD9-CBD5C92C6B41} = {65626022-2489-486B-8B0D-71016BE6709F}
		{3FCE6594-55DC-46E7-87AC-24FA575A6742} = {65626022-2489-486B-8B0D-71016BE6709F}
		{CF33C927-5B4D-47FD-977A-A5083D3F3BB6} = {65626022-2489-486B-8B0D-71016BE6709F}
		{60805543-43C5-4F14-96A3-7C183A799976} = {65626022-2489-486B-8B0D-71016BE6709F}
		{DAE05F8E-CCA9-48B2-A96C-6D86AE554D67} = {65626022-2489-486B-8B0D-71016BE6709F}
		{6541E898-49EB-44EA-A989-0762582EB8FF} = {65626022-2489-486B-8B0D-71016BE6709F}
	EndGlobalSection
EndGlobal
